
Microsoft Visual Studio Solution File, Format Version 12.00
# Visual Studio Version 16
VisualStudioVersion = 16.0.30204.135
MinimumVisualStudioVersion = 10.0.40219.1
Project("{FAE04EC0-301F-11D3-BF4B-00C04F79EFBC}") = "Lab 11.5", "Lab 11.5\Lab 11.5.csproj", "{EF621B29-81B0-4C76-A98D-45EB8F87B91D}"
EndProject
Global
	GlobalSection(SolutionConfigurationPlatforms) = preSolution
		Debug|Any CPU = Debug|Any CPU
		Release|Any CPU = Release|Any CPU
	EndGlobalSection
	GlobalSection(ProjectConfigurationPlatforms) = postSolution
		{EF621B29-81B0-4C76-A98D-45EB8F87B91D}.Debug|Any CPU.ActiveCfg = Debug|Any CPU
		{EF621B29-81B0-4C76-A98D-45EB8F87B91D}.Debug|Any CPU.Build.0 = Debug|Any CPU
		{EF621B29-81B0-4C76-A98D-45EB8F87B91D}.Release|Any CPU.ActiveCfg = Release|Any CPU
		{EF621B29-81B0-4C76-A98D-45EB8F87B91D}.Release|Any CPU.Build.0 = Release|Any CPU
	EndGlobalSection
	GlobalSection(SolutionProperties) = preSolution
		HideSolutionNode = FALSE
	EndGlobalSection
	GlobalSection(ExtensibilityGlobals) = postSolution
		SolutionGuid = {83DE5CCB-B642-4CD2-9D78-BCC62384344F}
	EndGlobalSection
EndGlobal
