
Microsoft Visual Studio Solution File, Format Version 12.00
# Visual Studio Version 16
VisualStudioVersion = 16.0.30204.135
MinimumVisualStudioVersion = 10.0.40219.1
Project("{FAE04EC0-301F-11D3-BF4B-00C04F79EFBC}") = "Lab 2.4", "Lab 2.4\Lab 2.4.csproj", "{993012B2-B0D4-4B04-AA39-A1DCCE2FF545}"
EndProject
Global
	GlobalSection(SolutionConfigurationPlatforms) = preSolution
		Debug|Any CPU = Debug|Any CPU
		Release|Any CPU = Release|Any CPU
	EndGlobalSection
	GlobalSection(ProjectConfigurationPlatforms) = postSolution
		{993012B2-B0D4-4B04-AA39-A1DCCE2FF545}.Debug|Any CPU.ActiveCfg = Debug|Any CPU
		{993012B2-B0D4-4B04-AA39-A1DCCE2FF545}.Debug|Any CPU.Build.0 = Debug|Any CPU
		{993012B2-B0D4-4B04-AA39-A1DCCE2FF545}.Release|Any CPU.ActiveCfg = Release|Any CPU
		{993012B2-B0D4-4B04-AA39-A1DCCE2FF545}.Release|Any CPU.Build.0 = Release|Any CPU
	EndGlobalSection
	GlobalSection(SolutionProperties) = preSolution
		HideSolutionNode = FALSE
	EndGlobalSection
	GlobalSection(ExtensibilityGlobals) = postSolution
		SolutionGuid = {97FB5A39-F1FD-4880-8D44-E4620DB4FE8F}
	EndGlobalSection
EndGlobal
