
Microsoft Visual Studio Solution File, Format Version 12.00
# Visual Studio Version 16
VisualStudioVersion = 16.0.30204.135
MinimumVisualStudioVersion = 10.0.40219.1
Project("{FAE04EC0-301F-11D3-BF4B-00C04F79EFBC}") = "Lab 10.4", "Lab 10.4\Lab 10.4.csproj", "{937117C0-AE1F-47EA-AC1D-28C65EC61EFD}"
EndProject
Global
	GlobalSection(SolutionConfigurationPlatforms) = preSolution
		Debug|Any CPU = Debug|Any CPU
		Release|Any CPU = Release|Any CPU
	EndGlobalSection
	GlobalSection(ProjectConfigurationPlatforms) = postSolution
		{937117C0-AE1F-47EA-AC1D-28C65EC61EFD}.Debug|Any CPU.ActiveCfg = Debug|Any CPU
		{937117C0-AE1F-47EA-AC1D-28C65EC61EFD}.Debug|Any CPU.Build.0 = Debug|Any CPU
		{937117C0-AE1F-47EA-AC1D-28C65EC61EFD}.Release|Any CPU.ActiveCfg = Release|Any CPU
		{937117C0-AE1F-47EA-AC1D-28C65EC61EFD}.Release|Any CPU.Build.0 = Release|Any CPU
	EndGlobalSection
	GlobalSection(SolutionProperties) = preSolution
		HideSolutionNode = FALSE
	EndGlobalSection
	GlobalSection(ExtensibilityGlobals) = postSolution
		SolutionGuid = {5BDB8101-96CF-4BA7-B06A-FBEF04400E92}
	EndGlobalSection
EndGlobal
