
Microsoft Visual Studio Solution File, Format Version 12.00
# Visual Studio Version 16
VisualStudioVersion = 16.0.30204.135
MinimumVisualStudioVersion = 10.0.40219.1
Project("{FAE04EC0-301F-11D3-BF4B-00C04F79EFBC}") = "Lab 5.4", "Lab 5.4\Lab 5.4.csproj", "{2B937E32-456D-44B6-A078-9357E2D7D90F}"
EndProject
Global
	GlobalSection(SolutionConfigurationPlatforms) = preSolution
		Debug|Any CPU = Debug|Any CPU
		Release|Any CPU = Release|Any CPU
	EndGlobalSection
	GlobalSection(ProjectConfigurationPlatforms) = postSolution
		{2B937E32-456D-44B6-A078-9357E2D7D90F}.Debug|Any CPU.ActiveCfg = Debug|Any CPU
		{2B937E32-456D-44B6-A078-9357E2D7D90F}.Debug|Any CPU.Build.0 = Debug|Any CPU
		{2B937E32-456D-44B6-A078-9357E2D7D90F}.Release|Any CPU.ActiveCfg = Release|Any CPU
		{2B937E32-456D-44B6-A078-9357E2D7D90F}.Release|Any CPU.Build.0 = Release|Any CPU
	EndGlobalSection
	GlobalSection(SolutionProperties) = preSolution
		HideSolutionNode = FALSE
	EndGlobalSection
	GlobalSection(ExtensibilityGlobals) = postSolution
		SolutionGuid = {65AE99EE-7F06-49C0-8D70-A5665C54EC4C}
	EndGlobalSection
EndGlobal
