
Microsoft Visual Studio Solution File, Format Version 12.00
# Visual Studio Version 16
VisualStudioVersion = 16.0.30204.135
MinimumVisualStudioVersion = 10.0.40219.1
Project("{FAE04EC0-301F-11D3-BF4B-00C04F79EFBC}") = "Lab 5.2", "Lab 5.2\Lab 5.2.csproj", "{B706A680-3C99-4917-9CEF-AD218CD60E03}"
EndProject
Global
	GlobalSection(SolutionConfigurationPlatforms) = preSolution
		Debug|Any CPU = Debug|Any CPU
		Release|Any CPU = Release|Any CPU
	EndGlobalSection
	GlobalSection(ProjectConfigurationPlatforms) = postSolution
		{B706A680-3C99-4917-9CEF-AD218CD60E03}.Debug|Any CPU.ActiveCfg = Debug|Any CPU
		{B706A680-3C99-4917-9CEF-AD218CD60E03}.Debug|Any CPU.Build.0 = Debug|Any CPU
		{B706A680-3C99-4917-9CEF-AD218CD60E03}.Release|Any CPU.ActiveCfg = Release|Any CPU
		{B706A680-3C99-4917-9CEF-AD218CD60E03}.Release|Any CPU.Build.0 = Release|Any CPU
	EndGlobalSection
	GlobalSection(SolutionProperties) = preSolution
		HideSolutionNode = FALSE
	EndGlobalSection
	GlobalSection(ExtensibilityGlobals) = postSolution
		SolutionGuid = {AA5BAB75-18CC-4E2E-AE45-75867CD5F1C2}
	EndGlobalSection
EndGlobal
