
Microsoft Visual Studio Solution File, Format Version 12.00
# Visual Studio Version 16
VisualStudioVersion = 16.0.30204.135
MinimumVisualStudioVersion = 10.0.40219.1
Project("{FAE04EC0-301F-11D3-BF4B-00C04F79EFBC}") = "Lab 7.4", "Lab 7.4\Lab 7.4.csproj", "{4FD253E3-9CB6-4ED6-B51E-52A1775B132B}"
EndProject
Global
	GlobalSection(SolutionConfigurationPlatforms) = preSolution
		Debug|Any CPU = Debug|Any CPU
		Release|Any CPU = Release|Any CPU
	EndGlobalSection
	GlobalSection(ProjectConfigurationPlatforms) = postSolution
		{4FD253E3-9CB6-4ED6-B51E-52A1775B132B}.Debug|Any CPU.ActiveCfg = Debug|Any CPU
		{4FD253E3-9CB6-4ED6-B51E-52A1775B132B}.Debug|Any CPU.Build.0 = Debug|Any CPU
		{4FD253E3-9CB6-4ED6-B51E-52A1775B132B}.Release|Any CPU.ActiveCfg = Release|Any CPU
		{4FD253E3-9CB6-4ED6-B51E-52A1775B132B}.Release|Any CPU.Build.0 = Release|Any CPU
	EndGlobalSection
	GlobalSection(SolutionProperties) = preSolution
		HideSolutionNode = FALSE
	EndGlobalSection
	GlobalSection(ExtensibilityGlobals) = postSolution
		SolutionGuid = {C8CE8479-0B8E-43F8-859F-C8E0367EAA09}
	EndGlobalSection
EndGlobal
